{
  "name": "systack",
  "version": "1.0.0",
  "lockfileVersion": 2,
  "requires": true,
  "packages": {
    "": {
      "name": "systack",
      "version": "1.0.0",
      "license": "ISC",
      "dependencies": {
        "systack": "^1.0.0"
      },
      "bin": {
        "systack": "bin/systack.js"
      }
    },
    "node_modules/systack": {
      "version": "1.0.0",
      "resolved": "https://registry.npmjs.org/systack/-/systack-1.0.0.tgz",
      "integrity": "sha512-W3IPZIbm5j1rBIrIT3d47zG/x6sP5q9pO71F+ksDOXvVSy+tK8c3XSefpJjIiSQMVaEqss778huHK/chEHSH6Q==",
      "bin": {
        "systack": "bin/systack.js"
      }
    }
  },
  "dependencies": {
    "systack": {
      "version": "1.0.0",
      "resolved": "https://registry.npmjs.org/systack/-/systack-1.0.0.tgz",
      "integrity": "sha512-W3IPZIbm5j1rBIrIT3d47zG/x6sP5q9pO71F+ksDOXvVSy+tK8c3XSefpJjIiSQMVaEqss778huHK/chEHSH6Q=="
    }
  }
}
